<?xml version="1.0" encoding="utf-8"?>
<Project ToolsVersion="4.0" xmlns="http://schemas.microsoft.com/developer/msbuild/2003">
  <ItemGroup>
    <Filter Include="源文件">
      <UniqueIdentifier>{4FC737F1-C7A5-4376-A066-2A32D752A2FF}</UniqueIdentifier>
      <Extensions>cpp;c;cc;cxx;c++;cppm;ixx;def;odl;idl;hpj;bat;asm;asmx</Extensions>
    </Filter>
    <Filter Include="头文件">
      <UniqueIdentifier>{93995380-89BD-4b04-88EB-625FBE52EBFB}</UniqueIdentifier>
      <Extensions>h;hh;hpp;hxx;h++;hm;inl;inc;ipp;xsd</Extensions>
    </Filter>
    <Filter Include="资源文件">
      <UniqueIdentifier>{67DA6AB6-F800-4c08-8B7A-83BB121AAD01}</UniqueIdentifier>
      <Extensions>rc;ico;cur;bmp;dlg;rc2;rct;bin;rgs;gif;jpg;jpeg;jpe;resx;tiff;tif;png;wav;mfcribbon-ms</Extensions>
    </Filter>
    <Filter Include="头文件\openXLSX">
      <UniqueIdentifier>{2a78c6af-3bbc-441f-a9a3-8b1c0adb84ed}</UniqueIdentifier>
    </Filter>
  </ItemGroup>
  <ItemGroup>
    <ClCompile Include="main.cpp">
      <Filter>源文件</Filter>
    </ClCompile>
    <ClCompile Include="..\include\openXLSX\pugixml.cpp">
      <Filter>头文件\openXLSX</Filter>
    </ClCompile>
  </ItemGroup>
  <ItemGroup>
    <ClInclude Include="..\include\openXLSX\IZipArchive.hpp">
      <Filter>头文件\openXLSX</Filter>
    </ClInclude>
    <ClInclude Include="..\include\openXLSX\OpenXLSX.hpp">
      <Filter>头文件\openXLSX</Filter>
    </ClInclude>
    <ClInclude Include="..\include\openXLSX\OpenXLSX-Exports.hpp">
      <Filter>头文件\openXLSX</Filter>
    </ClInclude>
    <ClInclude Include="..\include\openXLSX\pugiconfig.hpp">
      <Filter>头文件\openXLSX</Filter>
    </ClInclude>
    <ClInclude Include="..\include\openXLSX\pugixml.hpp">
      <Filter>头文件\openXLSX</Filter>
    </ClInclude>
    <ClInclude Include="..\include\openXLSX\XLCell.hpp">
      <Filter>头文件\openXLSX</Filter>
    </ClInclude>
    <ClInclude Include="..\include\openXLSX\XLCellIterator.hpp">
      <Filter>头文件\openXLSX</Filter>
    </ClInclude>
    <ClInclude Include="..\include\openXLSX\XLCellRange.hpp">
      <Filter>头文件\openXLSX</Filter>
    </ClInclude>
    <ClInclude Include="..\include\openXLSX\XLCellReference.hpp">
      <Filter>头文件\openXLSX</Filter>
    </ClInclude>
    <ClInclude Include="..\include\openXLSX\XLCellValue.hpp">
      <Filter>头文件\openXLSX</Filter>
    </ClInclude>
    <ClInclude Include="..\include\openXLSX\XLColor.hpp">
      <Filter>头文件\openXLSX</Filter>
    </ClInclude>
    <ClInclude Include="..\include\openXLSX\XLColumn.hpp">
      <Filter>头文件\openXLSX</Filter>
    </ClInclude>
    <ClInclude Include="..\include\openXLSX\XLCommandQuery.hpp">
      <Filter>头文件\openXLSX</Filter>
    </ClInclude>
    <ClInclude Include="..\include\openXLSX\XLComments.hpp">
      <Filter>头文件\openXLSX</Filter>
    </ClInclude>
    <ClInclude Include="..\include\openXLSX\XLConstants.hpp">
      <Filter>头文件\openXLSX</Filter>
    </ClInclude>
    <ClInclude Include="..\include\openXLSX\XLContentTypes.hpp">
      <Filter>头文件\openXLSX</Filter>
    </ClInclude>
    <ClInclude Include="..\include\openXLSX\XLDateTime.hpp">
      <Filter>头文件\openXLSX</Filter>
    </ClInclude>
    <ClInclude Include="..\include\openXLSX\XLDocument.hpp">
      <Filter>头文件\openXLSX</Filter>
    </ClInclude>
    <ClInclude Include="..\include\openXLSX\XLDrawing.hpp">
      <Filter>头文件\openXLSX</Filter>
    </ClInclude>
    <ClInclude Include="..\include\openXLSX\XLException.hpp">
      <Filter>头文件\openXLSX</Filter>
    </ClInclude>
    <ClInclude Include="..\include\openXLSX\XLFormula.hpp">
      <Filter>头文件\openXLSX</Filter>
    </ClInclude>
    <ClInclude Include="..\include\openXLSX\XLIterator.hpp">
      <Filter>头文件\openXLSX</Filter>
    </ClInclude>
    <ClInclude Include="..\include\openXLSX\XLMergeCells.hpp">
      <Filter>头文件\openXLSX</Filter>
    </ClInclude>
    <ClInclude Include="..\include\openXLSX\XLProperties.hpp">
      <Filter>头文件\openXLSX</Filter>
    </ClInclude>
    <ClInclude Include="..\include\openXLSX\XLRelationships.hpp">
      <Filter>头文件\openXLSX</Filter>
    </ClInclude>
    <ClInclude Include="..\include\openXLSX\XLRow.hpp">
      <Filter>头文件\openXLSX</Filter>
    </ClInclude>
    <ClInclude Include="..\include\openXLSX\XLRowData.hpp">
      <Filter>头文件\openXLSX</Filter>
    </ClInclude>
    <ClInclude Include="..\include\openXLSX\XLSharedStrings.hpp">
      <Filter>头文件\openXLSX</Filter>
    </ClInclude>
    <ClInclude Include="..\include\openXLSX\XLSheet.hpp">
      <Filter>头文件\openXLSX</Filter>
    </ClInclude>
    <ClInclude Include="..\include\openXLSX\XLStyles.hpp">
      <Filter>头文件\openXLSX</Filter>
    </ClInclude>
    <ClInclude Include="..\include\openXLSX\XLTables.hpp">
      <Filter>头文件\openXLSX</Filter>
    </ClInclude>
    <ClInclude Include="..\include\openXLSX\XLUtilities.hpp">
      <Filter>头文件\openXLSX</Filter>
    </ClInclude>
    <ClInclude Include="..\include\openXLSX\XLWorkbook.hpp">
      <Filter>头文件\openXLSX</Filter>
    </ClInclude>
    <ClInclude Include="..\include\openXLSX\XLXmlData.hpp">
      <Filter>头文件\openXLSX</Filter>
    </ClInclude>
    <ClInclude Include="..\include\openXLSX\XLXmlFile.hpp">
      <Filter>头文件\openXLSX</Filter>
    </ClInclude>
    <ClInclude Include="..\include\openXLSX\XLXmlParser.hpp">
      <Filter>头文件\openXLSX</Filter>
    </ClInclude>
    <ClInclude Include="..\include\openXLSX\XLZipArchive.hpp">
      <Filter>头文件\openXLSX</Filter>
    </ClInclude>
    <ClInclude Include="..\include\openXLSX\zippy.hpp">
      <Filter>头文件\openXLSX</Filter>
    </ClInclude>
    <ClInclude Include="..\include\openXLSX\CustomZip.hpp">
      <Filter>头文件\openXLSX</Filter>
    </ClInclude>
    <ClInclude Include="..\include\openXLSX\cstdio.hpp">
      <Filter>头文件\openXLSX</Filter>
    </ClInclude>
    <ClInclude Include="ch22.h">
      <Filter>头文件</Filter>
    </ClInclude>
  </ItemGroup>
</Project>